
Microsoft Visual Studio Solution File, Format Version 12.00
# Visual Studio Version 16
VisualStudioVersion = 16.0.30907.101
MinimumVisualStudioVersion = 10.0.40219.1
Project("{8BC9CEB8-8B4A-11D0-8D11-00A0C91BC942}") = "ProcGenTerrain", "ProcGenTerrain.vcxproj", "{C264F20E-98A3-43EF-B7D7-3C75F20F508C}"
EndProject
Global
	GlobalSection(SolutionConfigurationPlatforms) = preSolution
		Debug|x64 = Debug|x64
		Debug|x86 = Debug|x86
		Release|x64 = Release|x64
		Release|x86 = Release|x86
	EndGlobalSection
	GlobalSection(ProjectConfigurationPlatforms) = postSolution
		{C264F20E-98A3-43EF-B7D7-3C75F20F508C}.Debug|x64.ActiveCfg = Debug|x64
		{C264F20E-98A3-43EF-B7D7-3C75F20F508C}.Debug|x64.Build.0 = Debug|x64
		{C264F20E-98A3-43EF-B7D7-3C75F20F508C}.Debug|x86.ActiveCfg = Debug|Win32
		{C264F20E-98A3-43EF-B7D7-3C75F20F508C}.Debug|x86.Build.0 = Debug|Win32
		{C264F20E-98A3-43EF-B7D7-3C75F20F508C}.Release|x64.ActiveCfg = Release|x64
		{C264F20E-98A3-43EF-B7D7-3C75F20F508C}.Release|x64.Build.0 = Release|x64
		{C264F20E-98A3-43EF-B7D7-3C75F20F508C}.Release|x86.ActiveCfg = Release|Win32
		{C264F20E-98A3-43EF-B7D7-3C75F20F508C}.Release|x86.Build.0 = Release|Win32
	EndGlobalSection
	GlobalSection(SolutionProperties) = preSolution
		HideSolutionNode = FALSE
	EndGlobalSection
	GlobalSection(ExtensibilityGlobals) = postSolution
		SolutionGuid = {8728D0BA-C293-4DF9-A70D-59D86D71DCA9}
	EndGlobalSection
EndGlobal
